{
  "nodes": {
    "base16-schemes": {
      "flake": false,
      "locked": {
        "lastModified": 1696158499,
        "narHash": "sha256-5yIHgDTPjoX/3oDEfLSQ0eJZdFL1SaCfb9d6M0RmOTM=",
        "owner": "tinted-theming",
        "repo": "base16-schemes",
        "rev": "a9112eaae86d9dd8ee6bb9445b664fba2f94037a",
        "type": "github"
      },
      "original": {
        "owner": "tinted-theming",
        "repo": "base16-schemes",
        "type": "github"
      }
    },
    "firefox-addons": {
      "inputs": {
        "flake-utils": "flake-utils",
        "nixpkgs": [
          "nixpkgs"
        ]
      },
      "locked": {
        "dir": "pkgs/firefox-addons",
        "lastModified": 1740024204,
        "narHash": "sha256-viDhtYFp/Rg9OzpJoh+NWbhHvzSRpAQF1wmN9eh0RKs=",
        "owner": "rycee",
        "repo": "nur-expressions",
        "rev": "b23719a0efe8ee5538fe379beaeedbada52d962b",
        "type": "gitlab"
      },
      "original": {
        "dir": "pkgs/firefox-addons",
        "owner": "rycee",
        "repo": "nur-expressions",
        "type": "gitlab"
      }
    },
    "flake-utils": {
      "locked": {
        "lastModified": 1629284811,
        "narHash": "sha256-JHgasjPR0/J1J3DRm4KxM4zTyAj4IOJY8vIl75v/kPI=",
        "owner": "numtide",
        "repo": "flake-utils",
        "rev": "c5d161cc0af116a2e17f54316f0bf43f0819785c",
        "type": "github"
      },
      "original": {
        "owner": "numtide",
        "repo": "flake-utils",
        "type": "github"
      }
    },
    "home-manager": {
      "inputs": {
        "nixpkgs": [
          "nixpkgs"
        ]
      },
      "locked": {
        "lastModified": 1733951607,
        "narHash": "sha256-CN6q6iCzxI1gkNyk4xLdwaMKi10r7n+aJkRzWj8PXwQ=",
        "owner": "nix-community",
        "repo": "home-manager",
        "rev": "6e5b2d9e8014b5572e3367937a329e7053458d34",
        "type": "github"
      },
      "original": {
        "owner": "nix-community",
        "repo": "home-manager",
        "type": "github"
      }
    },
    "nix-colors": {
      "inputs": {
        "base16-schemes": "base16-schemes",
        "nixpkgs-lib": "nixpkgs-lib"
      },
      "locked": {
        "lastModified": 1707825078,
        "narHash": "sha256-hTfge2J2W+42SZ7VHXkf4kjU+qzFqPeC9k66jAUBMHk=",
        "owner": "misterio77",
        "repo": "nix-colors",
        "rev": "b01f024090d2c4fc3152cd0cf12027a7b8453ba1",
        "type": "github"
      },
      "original": {
        "owner": "misterio77",
        "repo": "nix-colors",
        "type": "github"
      }
    },
    "nixpkgs": {
      "locked": {
        "lastModified": 1733759999,
        "narHash": "sha256-463SNPWmz46iLzJKRzO3Q2b0Aurff3U1n0nYItxq7jU=",
        "owner": "nixos",
        "repo": "nixpkgs",
        "rev": "a73246e2eef4c6ed172979932bc80e1404ba2d56",
        "type": "github"
      },
      "original": {
        "owner": "nixos",
        "ref": "nixos-unstable",
        "repo": "nixpkgs",
        "type": "github"
      }
    },
    "nixpkgs-lib": {
      "locked": {
        "lastModified": 1697935651,
        "narHash": "sha256-qOfWjQ2JQSQL15KLh6D7xQhx0qgZlYZTYlcEiRuAMMw=",
        "owner": "nix-community",
        "repo": "nixpkgs.lib",
        "rev": "e1e11fdbb01113d85c7f41cada9d2847660e3902",
        "type": "github"
      },
      "original": {
        "owner": "nix-community",
        "repo": "nixpkgs.lib",
        "type": "github"
      }
    },
    "plugin-table-mode": {
      "flake": false,
      "locked": {
        "lastModified": 1738470226,
        "narHash": "sha256-JGc5L+7/eSBww1HaMl0AVcIwEJF/RFqoVRpR3DnP6+E=",
        "owner": "Kicamon",
        "repo": "markdown-table-mode.nvim",
        "rev": "fe207ea7cef615ccaf2c0f1257c58ffa0a50a9f5",
        "type": "github"
      },
      "original": {
        "owner": "Kicamon",
        "repo": "markdown-table-mode.nvim",
        "type": "github"
      }
    },
    "plugin-transfer": {
      "flake": false,
      "locked": {
        "lastModified": 1721214675,
        "narHash": "sha256-CtHJbX/c4lqoEYPjVSMmEK81RBjAlkfrSwpZVnlWSm0=",
        "owner": "coffebar",
        "repo": "transfer.nvim",
        "rev": "19ce83a0341f0acee74afc39dda3a32c7b9a6941",
        "type": "github"
      },
      "original": {
        "owner": "coffebar",
        "repo": "transfer.nvim",
        "type": "github"
      }
    },
    "root": {
      "inputs": {
        "firefox-addons": "firefox-addons",
        "home-manager": "home-manager",
        "nix-colors": "nix-colors",
        "nixpkgs": "nixpkgs",
        "plugin-table-mode": "plugin-table-mode",
        "plugin-transfer": "plugin-transfer"
      }
    }
  },
  "root": "root",
  "version": 7
}
